<?xml version="1.0" encoding="utf-8"?>
<Project ToolsVersion="4.0" xmlns="http://schemas.microsoft.com/developer/msbuild/2003">
  <ItemGroup>
    <Filter Include="Source Files">
      <UniqueIdentifier>{4FC737F1-C7A5-4376-A066-2A32D752A2FF}</UniqueIdentifier>
      <Extensions>cpp;c;cc;cxx;c++;cppm;ixx;def;odl;idl;hpj;bat;asm;asmx</Extensions>
    </Filter>
    <Filter Include="Header Files">
      <UniqueIdentifier>{93995380-89BD-4b04-88EB-625FBE52EBFB}</UniqueIdentifier>
      <Extensions>h;hh;hpp;hxx;h++;hm;inl;inc;ipp;xsd</Extensions>
    </Filter>
    <Filter Include="Resource Files">
      <UniqueIdentifier>{67DA6AB6-F800-4c08-8B7A-83BB121AAD01}</UniqueIdentifier>
      <Extensions>rc;ico;cur;bmp;dlg;rc2;rct;bin;rgs;gif;jpg;jpeg;jpe;resx;tiff;tif;png;wav;mfcribbon-ms</Extensions>
    </Filter>
  </ItemGroup>
  <ItemGroup>
    <ClCompile Include="main.cpp">
      <Filter>Source Files</Filter>
    </ClCompile>
  </ItemGroup>
  <ItemGroup>
    <ClInclude Include="Singletons\InputHandler.h">
      <Filter>Header Files</Filter>
    </ClInclude>
    <ClInclude Include="Tester.h">
      <Filter>Header Files</Filter>
    </ClInclude>
    <ClInclude Include="Singletons\RenderSystem.h">
      <Filter>Header Files</Filter>
    </ClInclude>
    <ClInclude Include="Singletons\EnemySpawner.h">
      <Filter>Header Files</Filter>
    </ClInclude>
    <ClInclude Include="EventSystem\Event.h">
      <Filter>Header Files</Filter>
    </ClInclude>
    <ClInclude Include="EventSystem\GameEvents.h">
      <Filter>Header Files</Filter>
    </ClInclude>
    <ClInclude Include="GameObjects\GameObject.h">
      <Filter>Header Files</Filter>
    </ClInclude>
    <ClInclude Include="GameObjects\Player.h">
      <Filter>Header Files</Filter>
    </ClInclude>
    <ClInclude Include="StateMachine\StateMachine.h">
      <Filter>Header Files</Filter>
    </ClInclude>
    <ClInclude Include="Animation\PlayerAnimator.h">
      <Filter>Header Files</Filter>
    </ClInclude>
  </ItemGroup>
  <ItemGroup>
    <Image Include="Resources\Textures\POSEY_IDLE_01.png">
      <Filter>Resource Files</Filter>
    </Image>
    <Image Include="Resources\Textures\POSEY_RUN_00.png">
      <Filter>Resource Files</Filter>
    </Image>
    <Image Include="Resources\Textures\POSEY_RUN_01.png">
      <Filter>Resource Files</Filter>
    </Image>
    <Image Include="Resources\Textures\POSEY_RUN_02.png">
      <Filter>Resource Files</Filter>
    </Image>
    <Image Include="Resources\Textures\POSEY_RUN_03.png">
      <Filter>Resource Files</Filter>
    </Image>
    <Image Include="Resources\Textures\POSEY_RUN_04.png">
      <Filter>Resource Files</Filter>
    </Image>
    <Image Include="Resources\Textures\POSEY_RUN_05.png">
      <Filter>Resource Files</Filter>
    </Image>
    <Image Include="Resources\Textures\POSEY_SLAP_01.png">
      <Filter>Resource Files</Filter>
    </Image>
    <Image Include="Resources\Textures\POSEY_SLAP_02.png">
      <Filter>Resource Files</Filter>
    </Image>
    <Image Include="Resources\Textures\POSEY_SLAP_03.png">
      <Filter>Resource Files</Filter>
    </Image>
    <Image Include="Resources\Textures\POSEY_SLAP_04.png">
      <Filter>Resource Files</Filter>
    </Image>
    <Image Include="Resources\Textures\POSEY_SLAP_05.png">
      <Filter>Resource Files</Filter>
    </Image>
    <Image Include="Resources\Textures\POSEY_SLAP_06.png">
      <Filter>Resource Files</Filter>
    </Image>
    <Image Include="Resources\Textures\POSEY_SLAP_07.png">
      <Filter>Resource Files</Filter>
    </Image>
    <Image Include="Resources\Textures\POSEY_SLAP_08.png">
      <Filter>Resource Files</Filter>
    </Image>
    <Image Include="Resources\Textures\POSEY_SLAP_09.png">
      <Filter>Resource Files</Filter>
    </Image>
    <Image Include="Resources\Textures\POSEY_SLAP_10.png">
      <Filter>Resource Files</Filter>
    </Image>
    <Image Include="Resources\Textures\POSEY_SLAP_11.png">
      <Filter>Resource Files</Filter>
    </Image>
    <Image Include="Resources\Textures\POSEY_SLAP_B_00.png">
      <Filter>Resource Files</Filter>
    </Image>
    <Image Include="Resources\Textures\POSEY_SLAP_B_01.png">
      <Filter>Resource Files</Filter>
    </Image>
    <Image Include="Resources\Textures\POSEY_SLAP_B_02.png">
      <Filter>Resource Files</Filter>
    </Image>
    <Image Include="Resources\Textures\POSEY_SLAP_B_03.png">
      <Filter>Resource Files</Filter>
    </Image>
    <Image Include="Resources\Textures\POSEY_SLAP_B_04.png">
      <Filter>Resource Files</Filter>
    </Image>
    <Image Include="Resources\Textures\POSEY_SLAP_B_05.png">
      <Filter>Resource Files</Filter>
    </Image>
    <Image Include="Resources\Textures\POSEY_SLAP_B_06.png">
      <Filter>Resource Files</Filter>
    </Image>
    <Image Include="Resources\Textures\POSEY_SLAP_B_07.png">
      <Filter>Resource Files</Filter>
    </Image>
    <Image Include="Resources\Textures\POSEY_SLAP_B_08.png">
      <Filter>Resource Files</Filter>
    </Image>
    <Image Include="Resources\Textures\POSEY_SLAP_B_09.png">
      <Filter>Resource Files</Filter>
    </Image>
    <Image Include="Resources\Textures\POSEY_SLAP_B_10.png">
      <Filter>Resource Files</Filter>
    </Image>
    <Image Include="Resources\Textures\POSEY_SLAP_B_11.png">
      <Filter>Resource Files</Filter>
    </Image>
    <Image Include="Resources\Textures\POSEY_SLAP_B_12.png">
      <Filter>Resource Files</Filter>
    </Image>
    <Image Include="Resources\Textures\POSEY_SLAP_B_13.png">
      <Filter>Resource Files</Filter>
    </Image>
    <Image Include="Resources\Textures\POSEY_SLAP_B_14.png">
      <Filter>Resource Files</Filter>
    </Image>
    <Image Include="Resources\Textures\SKEETER_A00.png">
      <Filter>Resource Files</Filter>
    </Image>
    <Image Include="Resources\Textures\SKEETER_A01.png">
      <Filter>Resource Files</Filter>
    </Image>
  </ItemGroup>
</Project>